
Microsoft Visual Studio Solution File, Format Version 12.00
Project("{FAE04EC0-301F-11D3-BF4B-00C04F79EFBC}") = "Math", "Math\Math.csproj", "{C78FF6AB-6A31-4E43-8AD6-3421A5450EBF}"
EndProject
Project("{FAE04EC0-301F-11D3-BF4B-00C04F79EFBC}") = "Math.UNitTest", "Math.UNitTest\Math.UNitTest.csproj", "{EED69F90-C8FD-4640-96AB-6176B015EA4D}"
EndProject
Global
	GlobalSection(SolutionConfigurationPlatforms) = preSolution
		Debug|Any CPU = Debug|Any CPU
		Release|Any CPU = Release|Any CPU
	EndGlobalSection
	GlobalSection(ProjectConfigurationPlatforms) = postSolution
		{C78FF6AB-6A31-4E43-8AD6-3421A5450EBF}.Debug|Any CPU.ActiveCfg = Debug|Any CPU
		{C78FF6AB-6A31-4E43-8AD6-3421A5450EBF}.Debug|Any CPU.Build.0 = Debug|Any CPU
		{C78FF6AB-6A31-4E43-8AD6-3421A5450EBF}.Release|Any CPU.ActiveCfg = Release|Any CPU
		{C78FF6AB-6A31-4E43-8AD6-3421A5450EBF}.Release|Any CPU.Build.0 = Release|Any CPU
		{EED69F90-C8FD-4640-96AB-6176B015EA4D}.Debug|Any CPU.ActiveCfg = Debug|Any CPU
		{EED69F90-C8FD-4640-96AB-6176B015EA4D}.Debug|Any CPU.Build.0 = Debug|Any CPU
		{EED69F90-C8FD-4640-96AB-6176B015EA4D}.Release|Any CPU.ActiveCfg = Release|Any CPU
		{EED69F90-C8FD-4640-96AB-6176B015EA4D}.Release|Any CPU.Build.0 = Release|Any CPU
	EndGlobalSection
EndGlobal
